
Microsoft Visual Studio Solution File, Format Version 12.00
# Visual Studio Version 16
VisualStudioVersion = 16.0.29806.167
MinimumVisualStudioVersion = 10.0.40219.1
Project("{FAE04EC0-301F-11D3-BF4B-00C04F79EFBC}") = "EventSample", "EventSample.csproj", "{2C4EAA33-6B75-45B9-BF3E-5B42AA786506}"
EndProject
Global
	GlobalSection(SolutionConfigurationPlatforms) = preSolution
		Debug|Any CPU = Debug|Any CPU
		Release|Any CPU = Release|Any CPU
	EndGlobalSection
	GlobalSection(ProjectConfigurationPlatforms) = postSolution
		{2C4EAA33-6B75-45B9-BF3E-5B42AA786506}.Debug|Any CPU.ActiveCfg = Debug|Any CPU
		{2C4EAA33-6B75-45B9-BF3E-5B42AA786506}.Debug|Any CPU.Build.0 = Debug|Any CPU
		{2C4EAA33-6B75-45B9-BF3E-5B42AA786506}.Release|Any CPU.ActiveCfg = Release|Any CPU
		{2C4EAA33-6B75-45B9-BF3E-5B42AA786506}.Release|Any CPU.Build.0 = Release|Any CPU
	EndGlobalSection
	GlobalSection(SolutionProperties) = preSolution
		HideSolutionNode = FALSE
	EndGlobalSection
	GlobalSection(ExtensibilityGlobals) = postSolution
		SolutionGuid = {0D75AAB6-07C9-41BF-95B1-56D0349E32DE}
	EndGlobalSection
EndGlobal
